
Microsoft Visual Studio Solution File, Format Version 12.00
# Visual Studio 15
VisualStudioVersion = 15.0.26730.15
MinimumVisualStudioVersion = 10.0.40219.1
Project("{FAE04EC0-301F-11D3-BF4B-00C04F79EFBC}") = "MultiplierTestLib", "MultiplierTestLib\MultiplierTestLib.csproj", "{1DAFBAC9-D7C0-48D7-A6FE-24C823F13605}"
EndProject
Project("{FAE04EC0-301F-11D3-BF4B-00C04F79EFBC}") = "MultiplierLib", "MultiplierLib\MultiplierLib.csproj", "{02CB7E35-719E-4F30-8C39-F1F4A32D352F}"
EndProject
Project("{FAE04EC0-301F-11D3-BF4B-00C04F79EFBC}") = "MultiplierLibTests", "MultiplierLibTests\MultiplierLibTests.csproj", "{E9131A1C-BAEB-430A-9464-DD01E8AF11D5}"
EndProject
Project("{FAE04EC0-301F-11D3-BF4B-00C04F79EFBC}") = "VarukorgTestLib", "VarukorgTestLib\VarukorgTestLib.csproj", "{F055388E-325A-454A-B080-1A5D61B3F24B}"
EndProject
Project("{FAE04EC0-301F-11D3-BF4B-00C04F79EFBC}") = "VarukorgLib", "VarukorgLib\VarukorgLib.csproj", "{C89B7188-F7A9-4833-88CC-50417393D128}"
EndProject
Project("{2150E333-8FDC-42A3-9474-1A3956D46DE8}") = "Story", "Story", "{039F433E-6E23-4A49-8127-A9ADA1447901}"
EndProject
Project("{2150E333-8FDC-42A3-9474-1A3956D46DE8}") = "Varukorg", "Varukorg", "{B13FACE1-F702-4BEA-A2F7-6F5C18C37DAF}"
EndProject
Project("{2150E333-8FDC-42A3-9474-1A3956D46DE8}") = "Multiplier", "Multiplier", "{89FCAE4C-A0CF-45A2-A79E-2F28EDCAA3F0}"
EndProject
Project("{FAE04EC0-301F-11D3-BF4B-00C04F79EFBC}") = "StorytellerApp", "StorytellerApp\StorytellerApp.csproj", "{1AEC4794-1264-4A55-B2B2-128946B2576D}"
EndProject
Project("{2150E333-8FDC-42A3-9474-1A3956D46DE8}") = "CirkusenElefanten", "CirkusenElefanten", "{6A301F9F-31CF-457B-BB09-8875D3C43A5E}"
EndProject
Project("{FAE04EC0-301F-11D3-BF4B-00C04F79EFBC}") = "CirkusenElefantenTest", "CirkusenElefantenTest\CirkusenElefantenTest.csproj", "{93FA9281-1C6E-469E-AAF9-C3F7B96D9D5D}"
EndProject
Project("{FAE04EC0-301F-11D3-BF4B-00C04F79EFBC}") = "CirkusenElefanten", "CirkusenElefanten\CirkusenElefanten.csproj", "{C0DACA89-0348-4620-A62E-91AC43560F18}"
EndProject
Project("{2150E333-8FDC-42A3-9474-1A3956D46DE8}") = "Exams", "Exams", "{341847AE-A30C-4763-9E9A-A0506EEFCB90}"
EndProject
Project("{FAE04EC0-301F-11D3-BF4B-00C04F79EFBC}") = "ExamTestLib", "ExamTestLib\ExamTestLib.csproj", "{86491335-30E0-4801-9D60-D2903709C664}"
EndProject
Project("{FAE04EC0-301F-11D3-BF4B-00C04F79EFBC}") = "ExamLib", "ExamLib\ExamLib.csproj", "{BAF95201-F0A3-4371-B5E6-4DE051D523CC}"
EndProject
Global
	GlobalSection(SolutionConfigurationPlatforms) = preSolution
		Debug|Any CPU = Debug|Any CPU
		Release|Any CPU = Release|Any CPU
	EndGlobalSection
	GlobalSection(ProjectConfigurationPlatforms) = postSolution
		{1DAFBAC9-D7C0-48D7-A6FE-24C823F13605}.Debug|Any CPU.ActiveCfg = Debug|Any CPU
		{1DAFBAC9-D7C0-48D7-A6FE-24C823F13605}.Debug|Any CPU.Build.0 = Debug|Any CPU
		{1DAFBAC9-D7C0-48D7-A6FE-24C823F13605}.Release|Any CPU.ActiveCfg = Release|Any CPU
		{1DAFBAC9-D7C0-48D7-A6FE-24C823F13605}.Release|Any CPU.Build.0 = Release|Any CPU
		{02CB7E35-719E-4F30-8C39-F1F4A32D352F}.Debug|Any CPU.ActiveCfg = Debug|Any CPU
		{02CB7E35-719E-4F30-8C39-F1F4A32D352F}.Debug|Any CPU.Build.0 = Debug|Any CPU
		{02CB7E35-719E-4F30-8C39-F1F4A32D352F}.Release|Any CPU.ActiveCfg = Release|Any CPU
		{02CB7E35-719E-4F30-8C39-F1F4A32D352F}.Release|Any CPU.Build.0 = Release|Any CPU
		{E9131A1C-BAEB-430A-9464-DD01E8AF11D5}.Debug|Any CPU.ActiveCfg = Debug|Any CPU
		{E9131A1C-BAEB-430A-9464-DD01E8AF11D5}.Debug|Any CPU.Build.0 = Debug|Any CPU
		{E9131A1C-BAEB-430A-9464-DD01E8AF11D5}.Release|Any CPU.ActiveCfg = Release|Any CPU
		{E9131A1C-BAEB-430A-9464-DD01E8AF11D5}.Release|Any CPU.Build.0 = Release|Any CPU
		{F055388E-325A-454A-B080-1A5D61B3F24B}.Debug|Any CPU.ActiveCfg = Debug|Any CPU
		{F055388E-325A-454A-B080-1A5D61B3F24B}.Debug|Any CPU.Build.0 = Debug|Any CPU
		{F055388E-325A-454A-B080-1A5D61B3F24B}.Release|Any CPU.ActiveCfg = Release|Any CPU
		{F055388E-325A-454A-B080-1A5D61B3F24B}.Release|Any CPU.Build.0 = Release|Any CPU
		{C89B7188-F7A9-4833-88CC-50417393D128}.Debug|Any CPU.ActiveCfg = Debug|Any CPU
		{C89B7188-F7A9-4833-88CC-50417393D128}.Debug|Any CPU.Build.0 = Debug|Any CPU
		{C89B7188-F7A9-4833-88CC-50417393D128}.Release|Any CPU.ActiveCfg = Release|Any CPU
		{C89B7188-F7A9-4833-88CC-50417393D128}.Release|Any CPU.Build.0 = Release|Any CPU
		{1AEC4794-1264-4A55-B2B2-128946B2576D}.Debug|Any CPU.ActiveCfg = Debug|Any CPU
		{1AEC4794-1264-4A55-B2B2-128946B2576D}.Debug|Any CPU.Build.0 = Debug|Any CPU
		{1AEC4794-1264-4A55-B2B2-128946B2576D}.Release|Any CPU.ActiveCfg = Release|Any CPU
		{1AEC4794-1264-4A55-B2B2-128946B2576D}.Release|Any CPU.Build.0 = Release|Any CPU
		{93FA9281-1C6E-469E-AAF9-C3F7B96D9D5D}.Debug|Any CPU.ActiveCfg = Debug|Any CPU
		{93FA9281-1C6E-469E-AAF9-C3F7B96D9D5D}.Debug|Any CPU.Build.0 = Debug|Any CPU
		{93FA9281-1C6E-469E-AAF9-C3F7B96D9D5D}.Release|Any CPU.ActiveCfg = Release|Any CPU
		{93FA9281-1C6E-469E-AAF9-C3F7B96D9D5D}.Release|Any CPU.Build.0 = Release|Any CPU
		{C0DACA89-0348-4620-A62E-91AC43560F18}.Debug|Any CPU.ActiveCfg = Debug|Any CPU
		{C0DACA89-0348-4620-A62E-91AC43560F18}.Debug|Any CPU.Build.0 = Debug|Any CPU
		{C0DACA89-0348-4620-A62E-91AC43560F18}.Release|Any CPU.ActiveCfg = Release|Any CPU
		{C0DACA89-0348-4620-A62E-91AC43560F18}.Release|Any CPU.Build.0 = Release|Any CPU
		{86491335-30E0-4801-9D60-D2903709C664}.Debug|Any CPU.ActiveCfg = Debug|Any CPU
		{86491335-30E0-4801-9D60-D2903709C664}.Debug|Any CPU.Build.0 = Debug|Any CPU
		{86491335-30E0-4801-9D60-D2903709C664}.Release|Any CPU.ActiveCfg = Release|Any CPU
		{86491335-30E0-4801-9D60-D2903709C664}.Release|Any CPU.Build.0 = Release|Any CPU
		{BAF95201-F0A3-4371-B5E6-4DE051D523CC}.Debug|Any CPU.ActiveCfg = Debug|Any CPU
		{BAF95201-F0A3-4371-B5E6-4DE051D523CC}.Debug|Any CPU.Build.0 = Debug|Any CPU
		{BAF95201-F0A3-4371-B5E6-4DE051D523CC}.Release|Any CPU.ActiveCfg = Release|Any CPU
		{BAF95201-F0A3-4371-B5E6-4DE051D523CC}.Release|Any CPU.Build.0 = Release|Any CPU
	EndGlobalSection
	GlobalSection(SolutionProperties) = preSolution
		HideSolutionNode = FALSE
	EndGlobalSection
	GlobalSection(NestedProjects) = preSolution
		{1DAFBAC9-D7C0-48D7-A6FE-24C823F13605} = {89FCAE4C-A0CF-45A2-A79E-2F28EDCAA3F0}
		{02CB7E35-719E-4F30-8C39-F1F4A32D352F} = {89FCAE4C-A0CF-45A2-A79E-2F28EDCAA3F0}
		{E9131A1C-BAEB-430A-9464-DD01E8AF11D5} = {89FCAE4C-A0CF-45A2-A79E-2F28EDCAA3F0}
		{F055388E-325A-454A-B080-1A5D61B3F24B} = {B13FACE1-F702-4BEA-A2F7-6F5C18C37DAF}
		{C89B7188-F7A9-4833-88CC-50417393D128} = {B13FACE1-F702-4BEA-A2F7-6F5C18C37DAF}
		{1AEC4794-1264-4A55-B2B2-128946B2576D} = {039F433E-6E23-4A49-8127-A9ADA1447901}
		{93FA9281-1C6E-469E-AAF9-C3F7B96D9D5D} = {6A301F9F-31CF-457B-BB09-8875D3C43A5E}
		{C0DACA89-0348-4620-A62E-91AC43560F18} = {6A301F9F-31CF-457B-BB09-8875D3C43A5E}
		{86491335-30E0-4801-9D60-D2903709C664} = {341847AE-A30C-4763-9E9A-A0506EEFCB90}
		{BAF95201-F0A3-4371-B5E6-4DE051D523CC} = {341847AE-A30C-4763-9E9A-A0506EEFCB90}
	EndGlobalSection
	GlobalSection(ExtensibilityGlobals) = postSolution
		SolutionGuid = {AEA4E433-D4F8-410E-AE79-BBEB1C4B1595}
	EndGlobalSection
EndGlobal
