
Microsoft Visual Studio Solution File, Format Version 12.00
# Visual Studio 15
VisualStudioVersion = 15.0.26730.15
MinimumVisualStudioVersion = 10.0.40219.1
Project("{FAE04EC0-301F-11D3-BF4B-00C04F79EFBC}") = "MultiplierTestLib", "MultiplierTestLib\MultiplierTestLib.csproj", "{1DAFBAC9-D7C0-48D7-A6FE-24C823F13605}"
EndProject
Project("{FAE04EC0-301F-11D3-BF4B-00C04F79EFBC}") = "MultiplierLib", "MultiplierLib\MultiplierLib.csproj", "{02CB7E35-719E-4F30-8C39-F1F4A32D352F}"
EndProject
Project("{FAE04EC0-301F-11D3-BF4B-00C04F79EFBC}") = "MultiplierLibTests", "MultiplierLibTests\MultiplierLibTests.csproj", "{E9131A1C-BAEB-430A-9464-DD01E8AF11D5}"
EndProject
Project("{FAE04EC0-301F-11D3-BF4B-00C04F79EFBC}") = "VarukorgTestLib", "VarukorgTestLib\VarukorgTestLib.csproj", "{F055388E-325A-454A-B080-1A5D61B3F24B}"
EndProject
Project("{FAE04EC0-301F-11D3-BF4B-00C04F79EFBC}") = "VarukorgLib", "VarukorgLib\VarukorgLib.csproj", "{C89B7188-F7A9-4833-88CC-50417393D128}"
EndProject
Project("{2150E333-8FDC-42A3-9474-1A3956D46DE8}") = "Story", "Story", "{039F433E-6E23-4A49-8127-A9ADA1447901}"
EndProject
Project("{2150E333-8FDC-42A3-9474-1A3956D46DE8}") = "Varukorg", "Varukorg", "{B13FACE1-F702-4BEA-A2F7-6F5C18C37DAF}"
EndProject
Project("{2150E333-8FDC-42A3-9474-1A3956D46DE8}") = "Multiplier", "Multiplier", "{89FCAE4C-A0CF-45A2-A79E-2F28EDCAA3F0}"
EndProject
Project("{FAE04EC0-301F-11D3-BF4B-00C04F79EFBC}") = "StorytellerApp", "StorytellerApp\StorytellerApp.csproj", "{1AEC4794-1264-4A55-B2B2-128946B2576D}"
EndProject
Project("{2150E333-8FDC-42A3-9474-1A3956D46DE8}") = "CirkusenElefanten", "CirkusenElefanten", "{6A301F9F-31CF-457B-BB09-8875D3C43A5E}"
EndProject
Project("{FAE04EC0-301F-11D3-BF4B-00C04F79EFBC}") = "CirkusenElefantenTest", "CirkusenElefantenTest\CirkusenElefantenTest.csproj", "{93FA9281-1C6E-469E-AAF9-C3F7B96D9D5D}"
EndProject
Project("{FAE04EC0-301F-11D3-BF4B-00C04F79EFBC}") = "CirkusenElefanten", "CirkusenElefanten\CirkusenElefanten.csproj", "{C0DACA89-0348-4620-A62E-91AC43560F18}"
EndProject
Project("{2150E333-8FDC-42A3-9474-1A3956D46DE8}") = "Exams", "Exams", "{341847AE-A30C-4763-9E9A-A0506EEFCB90}"
EndProject
Project("{FAE04EC0-301F-11D3-BF4B-00C04F79EFBC}") = "ExamTestLib", "ExamTestLib\ExamTestLib.csproj", "{86491335-30E0-4801-9D60-D2903709C664}"
EndProject
Project("{FAE04EC0-301F-11D3-BF4B-00C04F79EFBC}") = "ExamLib", "ExamLib\ExamLib.csproj", "{BAF95201-F0A3-4371-B5E6-4DE051D523CC}"
EndProject
Project("{FAE04EC0-301F-11D3-BF4B-00C04F79EFBC}") = "ExamWindowsApp", "ExamWindowsApp\ExamWindowsApp.csproj", "{CFA25373-B9BA-4623-B447-2B845ACB7410}"
EndProject
Project("{2150E333-8FDC-42A3-9474-1A3956D46DE8}") = "GuessGame", "GuessGame", "{A21D85DA-E523-46AB-A4A5-9161C5AB5FC9}"
EndProject
Project("{FAE04EC0-301F-11D3-BF4B-00C04F79EFBC}") = "GuessNumberTestLib", "QuessNumberTestLib\GuessNumberTestLib.csproj", "{437CDFFF-D229-4842-A936-84E649DCDF50}"
EndProject
Project("{9A19103F-16F7-4668-BE54-9A1E7A4F7556}") = "GuessNumberLib", "QuessNumberLib\GuessNumberLib.csproj", "{5C8A6118-966A-4026-8A89-A971B7E9C7C5}"
EndProject
Project("{FAE04EC0-301F-11D3-BF4B-00C04F79EFBC}") = "GuessNumberGui", "GuessNumberGui\GuessNumberGui.csproj", "{F87D354C-245F-4D22-9D59-FD015947C30C}"
EndProject
Project("{2150E333-8FDC-42A3-9474-1A3956D46DE8}") = "DiceGame", "DiceGame", "{047A9E14-4A2A-4A3C-BB49-D94D0879CF37}"
EndProject
Project("{FAE04EC0-301F-11D3-BF4B-00C04F79EFBC}") = "DiceGameTestLib", "DiceGameTestLib\DiceGameTestLib.csproj", "{B6410493-82D5-42EA-A2BB-B07087734679}"
EndProject
Project("{FAE04EC0-301F-11D3-BF4B-00C04F79EFBC}") = "DiceGame", "DiceGame\DiceGame.csproj", "{EB38C501-28F3-4770-9361-8AD3CEA17294}"
EndProject
Project("{FAE04EC0-301F-11D3-BF4B-00C04F79EFBC}") = "DiceGameGui", "DiceGameGui\DiceGameGui.csproj", "{2CD2726C-1F5C-4FDC-91EB-5D3F82A94187}"
EndProject
Project("{2150E333-8FDC-42A3-9474-1A3956D46DE8}") = "OOP", "OOP", "{33D3784F-5B1E-4200-B969-C907E1390A5A}"
EndProject
Project("{FAE04EC0-301F-11D3-BF4B-00C04F79EFBC}") = "OOPConsolApp", "OOPConsolApp\OOPConsolApp.csproj", "{CAD940B3-7F34-4D07-8F65-ABB1190527DC}"
EndProject
Project("{FAE04EC0-301F-11D3-BF4B-00C04F79EFBC}") = "CarBuilderApp", "CarBuilderApp\CarBuilderApp.csproj", "{814F8117-F88A-41D1-A80D-11F7FF6DD8A9}"
EndProject
Project("{FAE04EC0-301F-11D3-BF4B-00C04F79EFBC}") = "SchoolCount", "SchoolCount\SchoolCount.csproj", "{A19D21F7-F930-43A7-80C0-B3E5554204EF}"
EndProject
Global
	GlobalSection(SolutionConfigurationPlatforms) = preSolution
		Debug|Any CPU = Debug|Any CPU
		Release|Any CPU = Release|Any CPU
	EndGlobalSection
	GlobalSection(ProjectConfigurationPlatforms) = postSolution
		{1DAFBAC9-D7C0-48D7-A6FE-24C823F13605}.Debug|Any CPU.ActiveCfg = Debug|Any CPU
		{1DAFBAC9-D7C0-48D7-A6FE-24C823F13605}.Debug|Any CPU.Build.0 = Debug|Any CPU
		{1DAFBAC9-D7C0-48D7-A6FE-24C823F13605}.Release|Any CPU.ActiveCfg = Release|Any CPU
		{1DAFBAC9-D7C0-48D7-A6FE-24C823F13605}.Release|Any CPU.Build.0 = Release|Any CPU
		{02CB7E35-719E-4F30-8C39-F1F4A32D352F}.Debug|Any CPU.ActiveCfg = Debug|Any CPU
		{02CB7E35-719E-4F30-8C39-F1F4A32D352F}.Debug|Any CPU.Build.0 = Debug|Any CPU
		{02CB7E35-719E-4F30-8C39-F1F4A32D352F}.Release|Any CPU.ActiveCfg = Release|Any CPU
		{02CB7E35-719E-4F30-8C39-F1F4A32D352F}.Release|Any CPU.Build.0 = Release|Any CPU
		{E9131A1C-BAEB-430A-9464-DD01E8AF11D5}.Debug|Any CPU.ActiveCfg = Debug|Any CPU
		{E9131A1C-BAEB-430A-9464-DD01E8AF11D5}.Debug|Any CPU.Build.0 = Debug|Any CPU
		{E9131A1C-BAEB-430A-9464-DD01E8AF11D5}.Release|Any CPU.ActiveCfg = Release|Any CPU
		{E9131A1C-BAEB-430A-9464-DD01E8AF11D5}.Release|Any CPU.Build.0 = Release|Any CPU
		{F055388E-325A-454A-B080-1A5D61B3F24B}.Debug|Any CPU.ActiveCfg = Debug|Any CPU
		{F055388E-325A-454A-B080-1A5D61B3F24B}.Debug|Any CPU.Build.0 = Debug|Any CPU
		{F055388E-325A-454A-B080-1A5D61B3F24B}.Release|Any CPU.ActiveCfg = Release|Any CPU
		{F055388E-325A-454A-B080-1A5D61B3F24B}.Release|Any CPU.Build.0 = Release|Any CPU
		{C89B7188-F7A9-4833-88CC-50417393D128}.Debug|Any CPU.ActiveCfg = Debug|Any CPU
		{C89B7188-F7A9-4833-88CC-50417393D128}.Debug|Any CPU.Build.0 = Debug|Any CPU
		{C89B7188-F7A9-4833-88CC-50417393D128}.Release|Any CPU.ActiveCfg = Release|Any CPU
		{C89B7188-F7A9-4833-88CC-50417393D128}.Release|Any CPU.Build.0 = Release|Any CPU
		{1AEC4794-1264-4A55-B2B2-128946B2576D}.Debug|Any CPU.ActiveCfg = Debug|Any CPU
		{1AEC4794-1264-4A55-B2B2-128946B2576D}.Debug|Any CPU.Build.0 = Debug|Any CPU
		{1AEC4794-1264-4A55-B2B2-128946B2576D}.Release|Any CPU.ActiveCfg = Release|Any CPU
		{1AEC4794-1264-4A55-B2B2-128946B2576D}.Release|Any CPU.Build.0 = Release|Any CPU
		{93FA9281-1C6E-469E-AAF9-C3F7B96D9D5D}.Debug|Any CPU.ActiveCfg = Debug|Any CPU
		{93FA9281-1C6E-469E-AAF9-C3F7B96D9D5D}.Debug|Any CPU.Build.0 = Debug|Any CPU
		{93FA9281-1C6E-469E-AAF9-C3F7B96D9D5D}.Release|Any CPU.ActiveCfg = Release|Any CPU
		{93FA9281-1C6E-469E-AAF9-C3F7B96D9D5D}.Release|Any CPU.Build.0 = Release|Any CPU
		{C0DACA89-0348-4620-A62E-91AC43560F18}.Debug|Any CPU.ActiveCfg = Debug|Any CPU
		{C0DACA89-0348-4620-A62E-91AC43560F18}.Debug|Any CPU.Build.0 = Debug|Any CPU
		{C0DACA89-0348-4620-A62E-91AC43560F18}.Release|Any CPU.ActiveCfg = Release|Any CPU
		{C0DACA89-0348-4620-A62E-91AC43560F18}.Release|Any CPU.Build.0 = Release|Any CPU
		{86491335-30E0-4801-9D60-D2903709C664}.Debug|Any CPU.ActiveCfg = Debug|Any CPU
		{86491335-30E0-4801-9D60-D2903709C664}.Debug|Any CPU.Build.0 = Debug|Any CPU
		{86491335-30E0-4801-9D60-D2903709C664}.Release|Any CPU.ActiveCfg = Release|Any CPU
		{86491335-30E0-4801-9D60-D2903709C664}.Release|Any CPU.Build.0 = Release|Any CPU
		{BAF95201-F0A3-4371-B5E6-4DE051D523CC}.Debug|Any CPU.ActiveCfg = Debug|Any CPU
		{BAF95201-F0A3-4371-B5E6-4DE051D523CC}.Debug|Any CPU.Build.0 = Debug|Any CPU
		{BAF95201-F0A3-4371-B5E6-4DE051D523CC}.Release|Any CPU.ActiveCfg = Release|Any CPU
		{BAF95201-F0A3-4371-B5E6-4DE051D523CC}.Release|Any CPU.Build.0 = Release|Any CPU
		{CFA25373-B9BA-4623-B447-2B845ACB7410}.Debug|Any CPU.ActiveCfg = Debug|Any CPU
		{CFA25373-B9BA-4623-B447-2B845ACB7410}.Debug|Any CPU.Build.0 = Debug|Any CPU
		{CFA25373-B9BA-4623-B447-2B845ACB7410}.Release|Any CPU.ActiveCfg = Release|Any CPU
		{CFA25373-B9BA-4623-B447-2B845ACB7410}.Release|Any CPU.Build.0 = Release|Any CPU
		{437CDFFF-D229-4842-A936-84E649DCDF50}.Debug|Any CPU.ActiveCfg = Debug|Any CPU
		{437CDFFF-D229-4842-A936-84E649DCDF50}.Debug|Any CPU.Build.0 = Debug|Any CPU
		{437CDFFF-D229-4842-A936-84E649DCDF50}.Release|Any CPU.ActiveCfg = Release|Any CPU
		{437CDFFF-D229-4842-A936-84E649DCDF50}.Release|Any CPU.Build.0 = Release|Any CPU
		{5C8A6118-966A-4026-8A89-A971B7E9C7C5}.Debug|Any CPU.ActiveCfg = Debug|Any CPU
		{5C8A6118-966A-4026-8A89-A971B7E9C7C5}.Debug|Any CPU.Build.0 = Debug|Any CPU
		{5C8A6118-966A-4026-8A89-A971B7E9C7C5}.Release|Any CPU.ActiveCfg = Release|Any CPU
		{5C8A6118-966A-4026-8A89-A971B7E9C7C5}.Release|Any CPU.Build.0 = Release|Any CPU
		{F87D354C-245F-4D22-9D59-FD015947C30C}.Debug|Any CPU.ActiveCfg = Debug|Any CPU
		{F87D354C-245F-4D22-9D59-FD015947C30C}.Debug|Any CPU.Build.0 = Debug|Any CPU
		{F87D354C-245F-4D22-9D59-FD015947C30C}.Release|Any CPU.ActiveCfg = Release|Any CPU
		{F87D354C-245F-4D22-9D59-FD015947C30C}.Release|Any CPU.Build.0 = Release|Any CPU
		{B6410493-82D5-42EA-A2BB-B07087734679}.Debug|Any CPU.ActiveCfg = Debug|Any CPU
		{B6410493-82D5-42EA-A2BB-B07087734679}.Debug|Any CPU.Build.0 = Debug|Any CPU
		{B6410493-82D5-42EA-A2BB-B07087734679}.Release|Any CPU.ActiveCfg = Release|Any CPU
		{B6410493-82D5-42EA-A2BB-B07087734679}.Release|Any CPU.Build.0 = Release|Any CPU
		{EB38C501-28F3-4770-9361-8AD3CEA17294}.Debug|Any CPU.ActiveCfg = Debug|Any CPU
		{EB38C501-28F3-4770-9361-8AD3CEA17294}.Debug|Any CPU.Build.0 = Debug|Any CPU
		{EB38C501-28F3-4770-9361-8AD3CEA17294}.Release|Any CPU.ActiveCfg = Release|Any CPU
		{EB38C501-28F3-4770-9361-8AD3CEA17294}.Release|Any CPU.Build.0 = Release|Any CPU
		{2CD2726C-1F5C-4FDC-91EB-5D3F82A94187}.Debug|Any CPU.ActiveCfg = Debug|Any CPU
		{2CD2726C-1F5C-4FDC-91EB-5D3F82A94187}.Debug|Any CPU.Build.0 = Debug|Any CPU
		{2CD2726C-1F5C-4FDC-91EB-5D3F82A94187}.Release|Any CPU.ActiveCfg = Release|Any CPU
		{2CD2726C-1F5C-4FDC-91EB-5D3F82A94187}.Release|Any CPU.Build.0 = Release|Any CPU
		{CAD940B3-7F34-4D07-8F65-ABB1190527DC}.Debug|Any CPU.ActiveCfg = Debug|Any CPU
		{CAD940B3-7F34-4D07-8F65-ABB1190527DC}.Debug|Any CPU.Build.0 = Debug|Any CPU
		{CAD940B3-7F34-4D07-8F65-ABB1190527DC}.Release|Any CPU.ActiveCfg = Release|Any CPU
		{CAD940B3-7F34-4D07-8F65-ABB1190527DC}.Release|Any CPU.Build.0 = Release|Any CPU
		{814F8117-F88A-41D1-A80D-11F7FF6DD8A9}.Debug|Any CPU.ActiveCfg = Debug|Any CPU
		{814F8117-F88A-41D1-A80D-11F7FF6DD8A9}.Debug|Any CPU.Build.0 = Debug|Any CPU
		{814F8117-F88A-41D1-A80D-11F7FF6DD8A9}.Release|Any CPU.ActiveCfg = Release|Any CPU
		{814F8117-F88A-41D1-A80D-11F7FF6DD8A9}.Release|Any CPU.Build.0 = Release|Any CPU
		{A19D21F7-F930-43A7-80C0-B3E5554204EF}.Debug|Any CPU.ActiveCfg = Debug|Any CPU
		{A19D21F7-F930-43A7-80C0-B3E5554204EF}.Debug|Any CPU.Build.0 = Debug|Any CPU
		{A19D21F7-F930-43A7-80C0-B3E5554204EF}.Release|Any CPU.ActiveCfg = Release|Any CPU
		{A19D21F7-F930-43A7-80C0-B3E5554204EF}.Release|Any CPU.Build.0 = Release|Any CPU
	EndGlobalSection
	GlobalSection(SolutionProperties) = preSolution
		HideSolutionNode = FALSE
	EndGlobalSection
	GlobalSection(NestedProjects) = preSolution
		{1DAFBAC9-D7C0-48D7-A6FE-24C823F13605} = {89FCAE4C-A0CF-45A2-A79E-2F28EDCAA3F0}
		{02CB7E35-719E-4F30-8C39-F1F4A32D352F} = {89FCAE4C-A0CF-45A2-A79E-2F28EDCAA3F0}
		{E9131A1C-BAEB-430A-9464-DD01E8AF11D5} = {89FCAE4C-A0CF-45A2-A79E-2F28EDCAA3F0}
		{F055388E-325A-454A-B080-1A5D61B3F24B} = {B13FACE1-F702-4BEA-A2F7-6F5C18C37DAF}
		{C89B7188-F7A9-4833-88CC-50417393D128} = {B13FACE1-F702-4BEA-A2F7-6F5C18C37DAF}
		{1AEC4794-1264-4A55-B2B2-128946B2576D} = {039F433E-6E23-4A49-8127-A9ADA1447901}
		{93FA9281-1C6E-469E-AAF9-C3F7B96D9D5D} = {6A301F9F-31CF-457B-BB09-8875D3C43A5E}
		{C0DACA89-0348-4620-A62E-91AC43560F18} = {6A301F9F-31CF-457B-BB09-8875D3C43A5E}
		{86491335-30E0-4801-9D60-D2903709C664} = {341847AE-A30C-4763-9E9A-A0506EEFCB90}
		{BAF95201-F0A3-4371-B5E6-4DE051D523CC} = {341847AE-A30C-4763-9E9A-A0506EEFCB90}
		{CFA25373-B9BA-4623-B447-2B845ACB7410} = {341847AE-A30C-4763-9E9A-A0506EEFCB90}
		{437CDFFF-D229-4842-A936-84E649DCDF50} = {A21D85DA-E523-46AB-A4A5-9161C5AB5FC9}
		{5C8A6118-966A-4026-8A89-A971B7E9C7C5} = {A21D85DA-E523-46AB-A4A5-9161C5AB5FC9}
		{F87D354C-245F-4D22-9D59-FD015947C30C} = {A21D85DA-E523-46AB-A4A5-9161C5AB5FC9}
		{B6410493-82D5-42EA-A2BB-B07087734679} = {047A9E14-4A2A-4A3C-BB49-D94D0879CF37}
		{EB38C501-28F3-4770-9361-8AD3CEA17294} = {047A9E14-4A2A-4A3C-BB49-D94D0879CF37}
		{2CD2726C-1F5C-4FDC-91EB-5D3F82A94187} = {047A9E14-4A2A-4A3C-BB49-D94D0879CF37}
		{CAD940B3-7F34-4D07-8F65-ABB1190527DC} = {33D3784F-5B1E-4200-B969-C907E1390A5A}
		{814F8117-F88A-41D1-A80D-11F7FF6DD8A9} = {33D3784F-5B1E-4200-B969-C907E1390A5A}
		{A19D21F7-F930-43A7-80C0-B3E5554204EF} = {33D3784F-5B1E-4200-B969-C907E1390A5A}
	EndGlobalSection
	GlobalSection(ExtensibilityGlobals) = postSolution
		SolutionGuid = {AEA4E433-D4F8-410E-AE79-BBEB1C4B1595}
	EndGlobalSection
EndGlobal
