
Microsoft Visual Studio Solution File, Format Version 12.00
# Visual Studio 15
VisualStudioVersion = 15.0.26730.15
MinimumVisualStudioVersion = 10.0.40219.1
Project("{FAE04EC0-301F-11D3-BF4B-00C04F79EFBC}") = "MultiplierTestLib", "MultiplierTestLib\MultiplierTestLib.csproj", "{1DAFBAC9-D7C0-48D7-A6FE-24C823F13605}"
EndProject
Project("{FAE04EC0-301F-11D3-BF4B-00C04F79EFBC}") = "MultiplierLib", "MultiplierLib\MultiplierLib.csproj", "{02CB7E35-719E-4F30-8C39-F1F4A32D352F}"
EndProject
Project("{FAE04EC0-301F-11D3-BF4B-00C04F79EFBC}") = "MultiplierLibTests", "MultiplierLibTests\MultiplierLibTests.csproj", "{E9131A1C-BAEB-430A-9464-DD01E8AF11D5}"
EndProject
Project("{FAE04EC0-301F-11D3-BF4B-00C04F79EFBC}") = "VarukorgTestLib", "VarukorgTestLib\VarukorgTestLib.csproj", "{F055388E-325A-454A-B080-1A5D61B3F24B}"
EndProject
Project("{FAE04EC0-301F-11D3-BF4B-00C04F79EFBC}") = "VarukorgLib", "VarukorgLib\VarukorgLib.csproj", "{C89B7188-F7A9-4833-88CC-50417393D128}"
EndProject
Project("{2150E333-8FDC-42A3-9474-1A3956D46DE8}") = "Story", "Story", "{039F433E-6E23-4A49-8127-A9ADA1447901}"
EndProject
Project("{2150E333-8FDC-42A3-9474-1A3956D46DE8}") = "Varukorg", "Varukorg", "{B13FACE1-F702-4BEA-A2F7-6F5C18C37DAF}"
EndProject
Project("{2150E333-8FDC-42A3-9474-1A3956D46DE8}") = "Multiplier", "Multiplier", "{89FCAE4C-A0CF-45A2-A79E-2F28EDCAA3F0}"
EndProject
Project("{FAE04EC0-301F-11D3-BF4B-00C04F79EFBC}") = "StorytellerApp", "StorytellerApp\StorytellerApp.csproj", "{1AEC4794-1264-4A55-B2B2-128946B2576D}"
EndProject
Project("{2150E333-8FDC-42A3-9474-1A3956D46DE8}") = "CirkusenElefanten", "CirkusenElefanten", "{6A301F9F-31CF-457B-BB09-8875D3C43A5E}"
EndProject
Project("{FAE04EC0-301F-11D3-BF4B-00C04F79EFBC}") = "CirkusenElefantenTest", "CirkusenElefantenTest\CirkusenElefantenTest.csproj", "{93FA9281-1C6E-469E-AAF9-C3F7B96D9D5D}"
EndProject
Project("{FAE04EC0-301F-11D3-BF4B-00C04F79EFBC}") = "CirkusenElefanten", "CirkusenElefanten\CirkusenElefanten.csproj", "{C0DACA89-0348-4620-A62E-91AC43560F18}"
EndProject
Project("{2150E333-8FDC-42A3-9474-1A3956D46DE8}") = "Exams", "Exams", "{341847AE-A30C-4763-9E9A-A0506EEFCB90}"
EndProject
Project("{FAE04EC0-301F-11D3-BF4B-00C04F79EFBC}") = "ExamTestLib", "ExamTestLib\ExamTestLib.csproj", "{86491335-30E0-4801-9D60-D2903709C664}"
EndProject
Project("{FAE04EC0-301F-11D3-BF4B-00C04F79EFBC}") = "ExamLib", "ExamLib\ExamLib.csproj", "{BAF95201-F0A3-4371-B5E6-4DE051D523CC}"
EndProject
Project("{FAE04EC0-301F-11D3-BF4B-00C04F79EFBC}") = "ExamWindowsApp", "ExamWindowsApp\ExamWindowsApp.csproj", "{CFA25373-B9BA-4623-B447-2B845ACB7410}"
EndProject
Project("{2150E333-8FDC-42A3-9474-1A3956D46DE8}") = "GuessGame", "GuessGame", "{A21D85DA-E523-46AB-A4A5-9161C5AB5FC9}"
EndProject
Project("{FAE04EC0-301F-11D3-BF4B-00C04F79EFBC}") = "GuessNumberTestLib", "QuessNumberTestLib\GuessNumberTestLib.csproj", "{437CDFFF-D229-4842-A936-84E649DCDF50}"
EndProject
Project("{9A19103F-16F7-4668-BE54-9A1E7A4F7556}") = "GuessNumberLib", "QuessNumberLib\GuessNumberLib.csproj", "{5C8A6118-966A-4026-8A89-A971B7E9C7C5}"
EndProject
Project("{FAE04EC0-301F-11D3-BF4B-00C04F79EFBC}") = "GuessNumberGui", "GuessNumberGui\GuessNumberGui.csproj", "{F87D354C-245F-4D22-9D59-FD015947C30C}"
EndProject
Project("{2150E333-8FDC-42A3-9474-1A3956D46DE8}") = "DiceGame", "DiceGame", "{047A9E14-4A2A-4A3C-BB49-D94D0879CF37}"
EndProject
Project("{FAE04EC0-301F-11D3-BF4B-00C04F79EFBC}") = "DiceGameTestLib", "DiceGameTestLib\DiceGameTestLib.csproj", "{B6410493-82D5-42EA-A2BB-B07087734679}"
EndProject
Project("{FAE04EC0-301F-11D3-BF4B-00C04F79EFBC}") = "DiceGame", "DiceGame\DiceGame.csproj", "{EB38C501-28F3-4770-9361-8AD3CEA17294}"
EndProject
Project("{FAE04EC0-301F-11D3-BF4B-00C04F79EFBC}") = "DiceGameGui", "DiceGameGui\DiceGameGui.csproj", "{2CD2726C-1F5C-4FDC-91EB-5D3F82A94187}"
EndProject
Project("{2150E333-8FDC-42A3-9474-1A3956D46DE8}") = "OOP", "OOP", "{33D3784F-5B1E-4200-B969-C907E1390A5A}"
EndProject
Project("{FAE04EC0-301F-11D3-BF4B-00C04F79EFBC}") = "OOPConsolApp", "OOPConsolApp\OOPConsolApp.csproj", "{CAD940B3-7F34-4D07-8F65-ABB1190527DC}"
EndProject
Project("{FAE04EC0-301F-11D3-BF4B-00C04F79EFBC}") = "CarBuilderApp", "CarBuilderApp\CarBuilderApp.csproj", "{814F8117-F88A-41D1-A80D-11F7FF6DD8A9}"
EndProject
Project("{FAE04EC0-301F-11D3-BF4B-00C04F79EFBC}") = "SchoolCount", "SchoolCount\SchoolCount.csproj", "{A19D21F7-F930-43A7-80C0-B3E5554204EF}"
EndProject
Project("{FAE04EC0-301F-11D3-BF4B-00C04F79EFBC}") = "PartTestLib", "PartTestLib\PartTestLib.csproj", "{47C5F549-E29E-446A-A22B-1CF460B757E4}"
EndProject
Project("{9A19103F-16F7-4668-BE54-9A1E7A4F7556}") = "PartLib", "PartLib\PartLib.csproj", "{BCE595BD-F84D-487E-A4C5-118E7C5F2B7B}"
EndProject
Project("{FAE04EC0-301F-11D3-BF4B-00C04F79EFBC}") = "AccountabilityTestLib", "AccountabilityTestLib\AccountabilityTestLib.csproj", "{A32D5EDA-059D-4CBA-A2C5-793E2879CC4D}"
EndProject
Project("{9A19103F-16F7-4668-BE54-9A1E7A4F7556}") = "Accountability", "Accountability\Accountability.csproj", "{A4B0CEB6-B509-4AC4-9B5F-E8A2DBD611D2}"
EndProject
Project("{FAE04EC0-301F-11D3-BF4B-00C04F79EFBC}") = "PartSystemTest", "PartSystemTest\PartSystemTest.csproj", "{8B4DF947-D00C-4F23-B068-DA7EA23D54FE}"
EndProject
Project("{2150E333-8FDC-42A3-9474-1A3956D46DE8}") = "ConsolApp", "ConsolApp", "{EBE0BFE8-C34B-4E82-A3BB-D9597EF689E2}"
EndProject
Project("{FAE04EC0-301F-11D3-BF4B-00C04F79EFBC}") = "ExperimentApp", "ExperimentApp\ExperimentApp.csproj", "{2E11BBF0-CA67-4C84-B413-AA322AA25986}"
EndProject
Project("{2150E333-8FDC-42A3-9474-1A3956D46DE8}") = "ConvertToUpperCase", "ConvertToUpperCase", "{95E9976E-E453-4E72-8080-785BA23968A5}"
EndProject
Project("{FAE04EC0-301F-11D3-BF4B-00C04F79EFBC}") = "ConverToUpperCaseApp", "ConverToUpperCaseApp\ConverToUpperCaseApp.csproj", "{405C31ED-1CA5-4FF2-81A9-F45C9932495F}"
EndProject
Project("{2150E333-8FDC-42A3-9474-1A3956D46DE8}") = "AppendApp", "AppendApp", "{6F01FD69-A87E-4D11-B5D2-D1AA5C76858A}"
EndProject
Project("{FAE04EC0-301F-11D3-BF4B-00C04F79EFBC}") = "AppendTextApp", "AppendTextApp\AppendTextApp.csproj", "{EE40DE7A-8820-44E9-A3F2-1209ADE6F518}"
EndProject
Project("{2150E333-8FDC-42A3-9474-1A3956D46DE8}") = "SlideShowApp", "SlideShowApp", "{D1052E7E-2A43-4E9C-868E-41E04540D197}"
EndProject
Project("{FAE04EC0-301F-11D3-BF4B-00C04F79EFBC}") = "SlideShowApp", "SlideShowApp\SlideShowApp.csproj", "{CBC0EB09-2873-40EE-9344-EC79039FF0E1}"
EndProject
Project("{2150E333-8FDC-42A3-9474-1A3956D46DE8}") = "RegistrationForm", "RegistrationForm", "{FA3E7B0D-B6A5-410A-9B7E-25127CF91FB6}"
EndProject
Project("{FAE04EC0-301F-11D3-BF4B-00C04F79EFBC}") = "RegistrationsFormApp", "RegistrationsFormApp\RegistrationsFormApp.csproj", "{7D14D1EE-26B1-4DFE-A0BC-AD2523AC9DEF}"
EndProject
Project("{2150E333-8FDC-42A3-9474-1A3956D46DE8}") = "RegistrationForm2", "RegistrationForm2", "{B3464678-E6BE-4789-A0E7-77BCBBF96107}"
EndProject
Project("{FAE04EC0-301F-11D3-BF4B-00C04F79EFBC}") = "RegistrationForm", "RegistrationForm\RegistrationForm.csproj", "{4D32C55B-0B5C-46E3-922D-C7928E6BFCF8}"
EndProject
Project("{2150E333-8FDC-42A3-9474-1A3956D46DE8}") = "Id", "Id", "{AC219FCB-CC23-4C88-A140-865E0C23C169}"
EndProject
Project("{FAE04EC0-301F-11D3-BF4B-00C04F79EFBC}") = "IdTestLib", "IdTest\IdTestLib.csproj", "{69E24E4D-C6D2-4094-A366-932A4A2F4EA2}"
EndProject
Project("{FAE04EC0-301F-11D3-BF4B-00C04F79EFBC}") = "IdLib", "IdLib\IdLib.csproj", "{DCB46031-1E47-48E1-8090-30B86B6EAF2F}"
EndProject
Project("{FAE04EC0-301F-11D3-BF4B-00C04F79EFBC}") = "IdReggApp", "IdReggApp\IdReggApp.csproj", "{FBC8AAED-551D-4E27-A3D3-B8B1C1BC75A9}"
EndProject
Project("{2150E333-8FDC-42A3-9474-1A3956D46DE8}") = "Regex", "Regex", "{6320AB7E-C731-4143-9983-E1DED3260C18}"
EndProject
Project("{FAE04EC0-301F-11D3-BF4B-00C04F79EFBC}") = "RegExTest", "RegExTest\RegExTest.csproj", "{7853D337-9B1E-494B-BDFB-D61F9684F434}"
EndProject
Project("{2150E333-8FDC-42A3-9474-1A3956D46DE8}") = "RegexAccounting", "RegexAccounting", "{3442BA2C-1DC1-4A66-9D98-0EE2E3C8802F}"
EndProject
Project("{FAE04EC0-301F-11D3-BF4B-00C04F79EFBC}") = "RegexTestLib", "RegexTestLib\RegexTestLib.csproj", "{E6D95E68-E930-4334-AF3A-6389CBE8D750}"
EndProject
Project("{9A19103F-16F7-4668-BE54-9A1E7A4F7556}") = "AccountLib", "AccountLib\AccountLib.csproj", "{E7BE8816-4EE9-45E0-97CA-CBAEC47A387B}"
EndProject
Project("{2150E333-8FDC-42A3-9474-1A3956D46DE8}") = "CostumerService", "CostumerService", "{5B62D97A-327F-4EDB-8345-574FCA40D454}"
	ProjectSection(SolutionItems) = preProject
		UseCase.txt = UseCase.txt
	EndProjectSection
EndProject
Project("{FAE04EC0-301F-11D3-BF4B-00C04F79EFBC}") = "CustomerServiceTestsLib", "CostumerServiceTestsLib\CustomerServiceTestsLib.csproj", "{8F100D9A-2FB1-42B0-A029-44C577421120}"
EndProject
Project("{FAE04EC0-301F-11D3-BF4B-00C04F79EFBC}") = "CustomerServiceLib", "CustomerServiceLib\CustomerServiceLib.csproj", "{CAF81063-5F62-42CA-8460-EA100A53C5C0}"
EndProject
Project("{FAE04EC0-301F-11D3-BF4B-00C04F79EFBC}") = "SchoolCountTestLib", "SchoolCountTestLib\SchoolCountTestLib.csproj", "{A84E6D12-7165-4477-A752-8D2828536F14}"
EndProject
Project("{2150E333-8FDC-42A3-9474-1A3956D46DE8}") = "Practice", "Practice", "{578F7053-27E5-46AA-810E-35C90745E4EA}"
EndProject
Project("{FAE04EC0-301F-11D3-BF4B-00C04F79EFBC}") = "PracticeApp", "PracticeApp\PracticeApp.csproj", "{292D7C80-224A-489F-8F3D-8E0C53BD39BC}"
EndProject
Project("{FAE04EC0-301F-11D3-BF4B-00C04F79EFBC}") = "PracticeLib", "PracticeLib\PracticeLib.csproj", "{5C0C6B5C-D94B-4BA8-981C-258527C578AE}"
EndProject
Project("{FAE04EC0-301F-11D3-BF4B-00C04F79EFBC}") = "PracticeTestLib", "PracticeTestLib\PracticeTestLib.csproj", "{34A9E726-5404-48DA-B3C3-40311E537602}"
EndProject
Global
	GlobalSection(SolutionConfigurationPlatforms) = preSolution
		Debug|Any CPU = Debug|Any CPU
		Release|Any CPU = Release|Any CPU
	EndGlobalSection
	GlobalSection(ProjectConfigurationPlatforms) = postSolution
		{1DAFBAC9-D7C0-48D7-A6FE-24C823F13605}.Debug|Any CPU.ActiveCfg = Debug|Any CPU
		{1DAFBAC9-D7C0-48D7-A6FE-24C823F13605}.Debug|Any CPU.Build.0 = Debug|Any CPU
		{1DAFBAC9-D7C0-48D7-A6FE-24C823F13605}.Release|Any CPU.ActiveCfg = Release|Any CPU
		{1DAFBAC9-D7C0-48D7-A6FE-24C823F13605}.Release|Any CPU.Build.0 = Release|Any CPU
		{02CB7E35-719E-4F30-8C39-F1F4A32D352F}.Debug|Any CPU.ActiveCfg = Debug|Any CPU
		{02CB7E35-719E-4F30-8C39-F1F4A32D352F}.Debug|Any CPU.Build.0 = Debug|Any CPU
		{02CB7E35-719E-4F30-8C39-F1F4A32D352F}.Release|Any CPU.ActiveCfg = Release|Any CPU
		{02CB7E35-719E-4F30-8C39-F1F4A32D352F}.Release|Any CPU.Build.0 = Release|Any CPU
		{E9131A1C-BAEB-430A-9464-DD01E8AF11D5}.Debug|Any CPU.ActiveCfg = Debug|Any CPU
		{E9131A1C-BAEB-430A-9464-DD01E8AF11D5}.Debug|Any CPU.Build.0 = Debug|Any CPU
		{E9131A1C-BAEB-430A-9464-DD01E8AF11D5}.Release|Any CPU.ActiveCfg = Release|Any CPU
		{E9131A1C-BAEB-430A-9464-DD01E8AF11D5}.Release|Any CPU.Build.0 = Release|Any CPU
		{F055388E-325A-454A-B080-1A5D61B3F24B}.Debug|Any CPU.ActiveCfg = Debug|Any CPU
		{F055388E-325A-454A-B080-1A5D61B3F24B}.Debug|Any CPU.Build.0 = Debug|Any CPU
		{F055388E-325A-454A-B080-1A5D61B3F24B}.Release|Any CPU.ActiveCfg = Release|Any CPU
		{F055388E-325A-454A-B080-1A5D61B3F24B}.Release|Any CPU.Build.0 = Release|Any CPU
		{C89B7188-F7A9-4833-88CC-50417393D128}.Debug|Any CPU.ActiveCfg = Debug|Any CPU
		{C89B7188-F7A9-4833-88CC-50417393D128}.Debug|Any CPU.Build.0 = Debug|Any CPU
		{C89B7188-F7A9-4833-88CC-50417393D128}.Release|Any CPU.ActiveCfg = Release|Any CPU
		{C89B7188-F7A9-4833-88CC-50417393D128}.Release|Any CPU.Build.0 = Release|Any CPU
		{1AEC4794-1264-4A55-B2B2-128946B2576D}.Debug|Any CPU.ActiveCfg = Debug|Any CPU
		{1AEC4794-1264-4A55-B2B2-128946B2576D}.Debug|Any CPU.Build.0 = Debug|Any CPU
		{1AEC4794-1264-4A55-B2B2-128946B2576D}.Release|Any CPU.ActiveCfg = Release|Any CPU
		{1AEC4794-1264-4A55-B2B2-128946B2576D}.Release|Any CPU.Build.0 = Release|Any CPU
		{93FA9281-1C6E-469E-AAF9-C3F7B96D9D5D}.Debug|Any CPU.ActiveCfg = Debug|Any CPU
		{93FA9281-1C6E-469E-AAF9-C3F7B96D9D5D}.Debug|Any CPU.Build.0 = Debug|Any CPU
		{93FA9281-1C6E-469E-AAF9-C3F7B96D9D5D}.Release|Any CPU.ActiveCfg = Release|Any CPU
		{93FA9281-1C6E-469E-AAF9-C3F7B96D9D5D}.Release|Any CPU.Build.0 = Release|Any CPU
		{C0DACA89-0348-4620-A62E-91AC43560F18}.Debug|Any CPU.ActiveCfg = Debug|Any CPU
		{C0DACA89-0348-4620-A62E-91AC43560F18}.Debug|Any CPU.Build.0 = Debug|Any CPU
		{C0DACA89-0348-4620-A62E-91AC43560F18}.Release|Any CPU.ActiveCfg = Release|Any CPU
		{C0DACA89-0348-4620-A62E-91AC43560F18}.Release|Any CPU.Build.0 = Release|Any CPU
		{86491335-30E0-4801-9D60-D2903709C664}.Debug|Any CPU.ActiveCfg = Debug|Any CPU
		{86491335-30E0-4801-9D60-D2903709C664}.Debug|Any CPU.Build.0 = Debug|Any CPU
		{86491335-30E0-4801-9D60-D2903709C664}.Release|Any CPU.ActiveCfg = Release|Any CPU
		{86491335-30E0-4801-9D60-D2903709C664}.Release|Any CPU.Build.0 = Release|Any CPU
		{BAF95201-F0A3-4371-B5E6-4DE051D523CC}.Debug|Any CPU.ActiveCfg = Debug|Any CPU
		{BAF95201-F0A3-4371-B5E6-4DE051D523CC}.Debug|Any CPU.Build.0 = Debug|Any CPU
		{BAF95201-F0A3-4371-B5E6-4DE051D523CC}.Release|Any CPU.ActiveCfg = Release|Any CPU
		{BAF95201-F0A3-4371-B5E6-4DE051D523CC}.Release|Any CPU.Build.0 = Release|Any CPU
		{CFA25373-B9BA-4623-B447-2B845ACB7410}.Debug|Any CPU.ActiveCfg = Debug|Any CPU
		{CFA25373-B9BA-4623-B447-2B845ACB7410}.Debug|Any CPU.Build.0 = Debug|Any CPU
		{CFA25373-B9BA-4623-B447-2B845ACB7410}.Release|Any CPU.ActiveCfg = Release|Any CPU
		{CFA25373-B9BA-4623-B447-2B845ACB7410}.Release|Any CPU.Build.0 = Release|Any CPU
		{437CDFFF-D229-4842-A936-84E649DCDF50}.Debug|Any CPU.ActiveCfg = Debug|Any CPU
		{437CDFFF-D229-4842-A936-84E649DCDF50}.Debug|Any CPU.Build.0 = Debug|Any CPU
		{437CDFFF-D229-4842-A936-84E649DCDF50}.Release|Any CPU.ActiveCfg = Release|Any CPU
		{437CDFFF-D229-4842-A936-84E649DCDF50}.Release|Any CPU.Build.0 = Release|Any CPU
		{5C8A6118-966A-4026-8A89-A971B7E9C7C5}.Debug|Any CPU.ActiveCfg = Debug|Any CPU
		{5C8A6118-966A-4026-8A89-A971B7E9C7C5}.Debug|Any CPU.Build.0 = Debug|Any CPU
		{5C8A6118-966A-4026-8A89-A971B7E9C7C5}.Release|Any CPU.ActiveCfg = Release|Any CPU
		{5C8A6118-966A-4026-8A89-A971B7E9C7C5}.Release|Any CPU.Build.0 = Release|Any CPU
		{F87D354C-245F-4D22-9D59-FD015947C30C}.Debug|Any CPU.ActiveCfg = Debug|Any CPU
		{F87D354C-245F-4D22-9D59-FD015947C30C}.Debug|Any CPU.Build.0 = Debug|Any CPU
		{F87D354C-245F-4D22-9D59-FD015947C30C}.Release|Any CPU.ActiveCfg = Release|Any CPU
		{F87D354C-245F-4D22-9D59-FD015947C30C}.Release|Any CPU.Build.0 = Release|Any CPU
		{B6410493-82D5-42EA-A2BB-B07087734679}.Debug|Any CPU.ActiveCfg = Debug|Any CPU
		{B6410493-82D5-42EA-A2BB-B07087734679}.Debug|Any CPU.Build.0 = Debug|Any CPU
		{B6410493-82D5-42EA-A2BB-B07087734679}.Release|Any CPU.ActiveCfg = Release|Any CPU
		{B6410493-82D5-42EA-A2BB-B07087734679}.Release|Any CPU.Build.0 = Release|Any CPU
		{EB38C501-28F3-4770-9361-8AD3CEA17294}.Debug|Any CPU.ActiveCfg = Debug|Any CPU
		{EB38C501-28F3-4770-9361-8AD3CEA17294}.Debug|Any CPU.Build.0 = Debug|Any CPU
		{EB38C501-28F3-4770-9361-8AD3CEA17294}.Release|Any CPU.ActiveCfg = Release|Any CPU
		{EB38C501-28F3-4770-9361-8AD3CEA17294}.Release|Any CPU.Build.0 = Release|Any CPU
		{2CD2726C-1F5C-4FDC-91EB-5D3F82A94187}.Debug|Any CPU.ActiveCfg = Debug|Any CPU
		{2CD2726C-1F5C-4FDC-91EB-5D3F82A94187}.Debug|Any CPU.Build.0 = Debug|Any CPU
		{2CD2726C-1F5C-4FDC-91EB-5D3F82A94187}.Release|Any CPU.ActiveCfg = Release|Any CPU
		{2CD2726C-1F5C-4FDC-91EB-5D3F82A94187}.Release|Any CPU.Build.0 = Release|Any CPU
		{CAD940B3-7F34-4D07-8F65-ABB1190527DC}.Debug|Any CPU.ActiveCfg = Debug|Any CPU
		{CAD940B3-7F34-4D07-8F65-ABB1190527DC}.Debug|Any CPU.Build.0 = Debug|Any CPU
		{CAD940B3-7F34-4D07-8F65-ABB1190527DC}.Release|Any CPU.ActiveCfg = Release|Any CPU
		{CAD940B3-7F34-4D07-8F65-ABB1190527DC}.Release|Any CPU.Build.0 = Release|Any CPU
		{814F8117-F88A-41D1-A80D-11F7FF6DD8A9}.Debug|Any CPU.ActiveCfg = Debug|Any CPU
		{814F8117-F88A-41D1-A80D-11F7FF6DD8A9}.Debug|Any CPU.Build.0 = Debug|Any CPU
		{814F8117-F88A-41D1-A80D-11F7FF6DD8A9}.Release|Any CPU.ActiveCfg = Release|Any CPU
		{814F8117-F88A-41D1-A80D-11F7FF6DD8A9}.Release|Any CPU.Build.0 = Release|Any CPU
		{A19D21F7-F930-43A7-80C0-B3E5554204EF}.Debug|Any CPU.ActiveCfg = Debug|Any CPU
		{A19D21F7-F930-43A7-80C0-B3E5554204EF}.Debug|Any CPU.Build.0 = Debug|Any CPU
		{A19D21F7-F930-43A7-80C0-B3E5554204EF}.Release|Any CPU.ActiveCfg = Release|Any CPU
		{A19D21F7-F930-43A7-80C0-B3E5554204EF}.Release|Any CPU.Build.0 = Release|Any CPU
		{47C5F549-E29E-446A-A22B-1CF460B757E4}.Debug|Any CPU.ActiveCfg = Debug|Any CPU
		{47C5F549-E29E-446A-A22B-1CF460B757E4}.Debug|Any CPU.Build.0 = Debug|Any CPU
		{47C5F549-E29E-446A-A22B-1CF460B757E4}.Release|Any CPU.ActiveCfg = Release|Any CPU
		{47C5F549-E29E-446A-A22B-1CF460B757E4}.Release|Any CPU.Build.0 = Release|Any CPU
		{BCE595BD-F84D-487E-A4C5-118E7C5F2B7B}.Debug|Any CPU.ActiveCfg = Debug|Any CPU
		{BCE595BD-F84D-487E-A4C5-118E7C5F2B7B}.Debug|Any CPU.Build.0 = Debug|Any CPU
		{BCE595BD-F84D-487E-A4C5-118E7C5F2B7B}.Release|Any CPU.ActiveCfg = Release|Any CPU
		{BCE595BD-F84D-487E-A4C5-118E7C5F2B7B}.Release|Any CPU.Build.0 = Release|Any CPU
		{A32D5EDA-059D-4CBA-A2C5-793E2879CC4D}.Debug|Any CPU.ActiveCfg = Debug|Any CPU
		{A32D5EDA-059D-4CBA-A2C5-793E2879CC4D}.Debug|Any CPU.Build.0 = Debug|Any CPU
		{A32D5EDA-059D-4CBA-A2C5-793E2879CC4D}.Release|Any CPU.ActiveCfg = Release|Any CPU
		{A32D5EDA-059D-4CBA-A2C5-793E2879CC4D}.Release|Any CPU.Build.0 = Release|Any CPU
		{A4B0CEB6-B509-4AC4-9B5F-E8A2DBD611D2}.Debug|Any CPU.ActiveCfg = Debug|Any CPU
		{A4B0CEB6-B509-4AC4-9B5F-E8A2DBD611D2}.Debug|Any CPU.Build.0 = Debug|Any CPU
		{A4B0CEB6-B509-4AC4-9B5F-E8A2DBD611D2}.Release|Any CPU.ActiveCfg = Release|Any CPU
		{A4B0CEB6-B509-4AC4-9B5F-E8A2DBD611D2}.Release|Any CPU.Build.0 = Release|Any CPU
		{8B4DF947-D00C-4F23-B068-DA7EA23D54FE}.Debug|Any CPU.ActiveCfg = Debug|Any CPU
		{8B4DF947-D00C-4F23-B068-DA7EA23D54FE}.Debug|Any CPU.Build.0 = Debug|Any CPU
		{8B4DF947-D00C-4F23-B068-DA7EA23D54FE}.Release|Any CPU.ActiveCfg = Release|Any CPU
		{8B4DF947-D00C-4F23-B068-DA7EA23D54FE}.Release|Any CPU.Build.0 = Release|Any CPU
		{2E11BBF0-CA67-4C84-B413-AA322AA25986}.Debug|Any CPU.ActiveCfg = Debug|Any CPU
		{2E11BBF0-CA67-4C84-B413-AA322AA25986}.Debug|Any CPU.Build.0 = Debug|Any CPU
		{2E11BBF0-CA67-4C84-B413-AA322AA25986}.Release|Any CPU.ActiveCfg = Release|Any CPU
		{2E11BBF0-CA67-4C84-B413-AA322AA25986}.Release|Any CPU.Build.0 = Release|Any CPU
		{405C31ED-1CA5-4FF2-81A9-F45C9932495F}.Debug|Any CPU.ActiveCfg = Debug|Any CPU
		{405C31ED-1CA5-4FF2-81A9-F45C9932495F}.Debug|Any CPU.Build.0 = Debug|Any CPU
		{405C31ED-1CA5-4FF2-81A9-F45C9932495F}.Release|Any CPU.ActiveCfg = Release|Any CPU
		{405C31ED-1CA5-4FF2-81A9-F45C9932495F}.Release|Any CPU.Build.0 = Release|Any CPU
		{EE40DE7A-8820-44E9-A3F2-1209ADE6F518}.Debug|Any CPU.ActiveCfg = Debug|Any CPU
		{EE40DE7A-8820-44E9-A3F2-1209ADE6F518}.Debug|Any CPU.Build.0 = Debug|Any CPU
		{EE40DE7A-8820-44E9-A3F2-1209ADE6F518}.Release|Any CPU.ActiveCfg = Release|Any CPU
		{EE40DE7A-8820-44E9-A3F2-1209ADE6F518}.Release|Any CPU.Build.0 = Release|Any CPU
		{CBC0EB09-2873-40EE-9344-EC79039FF0E1}.Debug|Any CPU.ActiveCfg = Debug|Any CPU
		{CBC0EB09-2873-40EE-9344-EC79039FF0E1}.Debug|Any CPU.Build.0 = Debug|Any CPU
		{CBC0EB09-2873-40EE-9344-EC79039FF0E1}.Release|Any CPU.ActiveCfg = Release|Any CPU
		{CBC0EB09-2873-40EE-9344-EC79039FF0E1}.Release|Any CPU.Build.0 = Release|Any CPU
		{7D14D1EE-26B1-4DFE-A0BC-AD2523AC9DEF}.Debug|Any CPU.ActiveCfg = Debug|Any CPU
		{7D14D1EE-26B1-4DFE-A0BC-AD2523AC9DEF}.Debug|Any CPU.Build.0 = Debug|Any CPU
		{7D14D1EE-26B1-4DFE-A0BC-AD2523AC9DEF}.Release|Any CPU.ActiveCfg = Release|Any CPU
		{7D14D1EE-26B1-4DFE-A0BC-AD2523AC9DEF}.Release|Any CPU.Build.0 = Release|Any CPU
		{4D32C55B-0B5C-46E3-922D-C7928E6BFCF8}.Debug|Any CPU.ActiveCfg = Debug|Any CPU
		{4D32C55B-0B5C-46E3-922D-C7928E6BFCF8}.Debug|Any CPU.Build.0 = Debug|Any CPU
		{4D32C55B-0B5C-46E3-922D-C7928E6BFCF8}.Release|Any CPU.ActiveCfg = Release|Any CPU
		{4D32C55B-0B5C-46E3-922D-C7928E6BFCF8}.Release|Any CPU.Build.0 = Release|Any CPU
		{69E24E4D-C6D2-4094-A366-932A4A2F4EA2}.Debug|Any CPU.ActiveCfg = Debug|Any CPU
		{69E24E4D-C6D2-4094-A366-932A4A2F4EA2}.Debug|Any CPU.Build.0 = Debug|Any CPU
		{69E24E4D-C6D2-4094-A366-932A4A2F4EA2}.Release|Any CPU.ActiveCfg = Release|Any CPU
		{69E24E4D-C6D2-4094-A366-932A4A2F4EA2}.Release|Any CPU.Build.0 = Release|Any CPU
		{DCB46031-1E47-48E1-8090-30B86B6EAF2F}.Debug|Any CPU.ActiveCfg = Debug|Any CPU
		{DCB46031-1E47-48E1-8090-30B86B6EAF2F}.Debug|Any CPU.Build.0 = Debug|Any CPU
		{DCB46031-1E47-48E1-8090-30B86B6EAF2F}.Release|Any CPU.ActiveCfg = Release|Any CPU
		{DCB46031-1E47-48E1-8090-30B86B6EAF2F}.Release|Any CPU.Build.0 = Release|Any CPU
		{FBC8AAED-551D-4E27-A3D3-B8B1C1BC75A9}.Debug|Any CPU.ActiveCfg = Debug|Any CPU
		{FBC8AAED-551D-4E27-A3D3-B8B1C1BC75A9}.Debug|Any CPU.Build.0 = Debug|Any CPU
		{FBC8AAED-551D-4E27-A3D3-B8B1C1BC75A9}.Release|Any CPU.ActiveCfg = Release|Any CPU
		{FBC8AAED-551D-4E27-A3D3-B8B1C1BC75A9}.Release|Any CPU.Build.0 = Release|Any CPU
		{7853D337-9B1E-494B-BDFB-D61F9684F434}.Debug|Any CPU.ActiveCfg = Debug|Any CPU
		{7853D337-9B1E-494B-BDFB-D61F9684F434}.Debug|Any CPU.Build.0 = Debug|Any CPU
		{7853D337-9B1E-494B-BDFB-D61F9684F434}.Release|Any CPU.ActiveCfg = Release|Any CPU
		{7853D337-9B1E-494B-BDFB-D61F9684F434}.Release|Any CPU.Build.0 = Release|Any CPU
		{E6D95E68-E930-4334-AF3A-6389CBE8D750}.Debug|Any CPU.ActiveCfg = Debug|Any CPU
		{E6D95E68-E930-4334-AF3A-6389CBE8D750}.Debug|Any CPU.Build.0 = Debug|Any CPU
		{E6D95E68-E930-4334-AF3A-6389CBE8D750}.Release|Any CPU.ActiveCfg = Release|Any CPU
		{E6D95E68-E930-4334-AF3A-6389CBE8D750}.Release|Any CPU.Build.0 = Release|Any CPU
		{E7BE8816-4EE9-45E0-97CA-CBAEC47A387B}.Debug|Any CPU.ActiveCfg = Debug|Any CPU
		{E7BE8816-4EE9-45E0-97CA-CBAEC47A387B}.Debug|Any CPU.Build.0 = Debug|Any CPU
		{E7BE8816-4EE9-45E0-97CA-CBAEC47A387B}.Release|Any CPU.ActiveCfg = Release|Any CPU
		{E7BE8816-4EE9-45E0-97CA-CBAEC47A387B}.Release|Any CPU.Build.0 = Release|Any CPU
		{8F100D9A-2FB1-42B0-A029-44C577421120}.Debug|Any CPU.ActiveCfg = Debug|Any CPU
		{8F100D9A-2FB1-42B0-A029-44C577421120}.Debug|Any CPU.Build.0 = Debug|Any CPU
		{8F100D9A-2FB1-42B0-A029-44C577421120}.Release|Any CPU.ActiveCfg = Release|Any CPU
		{8F100D9A-2FB1-42B0-A029-44C577421120}.Release|Any CPU.Build.0 = Release|Any CPU
		{CAF81063-5F62-42CA-8460-EA100A53C5C0}.Debug|Any CPU.ActiveCfg = Debug|Any CPU
		{CAF81063-5F62-42CA-8460-EA100A53C5C0}.Debug|Any CPU.Build.0 = Debug|Any CPU
		{CAF81063-5F62-42CA-8460-EA100A53C5C0}.Release|Any CPU.ActiveCfg = Release|Any CPU
		{CAF81063-5F62-42CA-8460-EA100A53C5C0}.Release|Any CPU.Build.0 = Release|Any CPU
		{A84E6D12-7165-4477-A752-8D2828536F14}.Debug|Any CPU.ActiveCfg = Debug|Any CPU
		{A84E6D12-7165-4477-A752-8D2828536F14}.Debug|Any CPU.Build.0 = Debug|Any CPU
		{A84E6D12-7165-4477-A752-8D2828536F14}.Release|Any CPU.ActiveCfg = Release|Any CPU
		{A84E6D12-7165-4477-A752-8D2828536F14}.Release|Any CPU.Build.0 = Release|Any CPU
		{292D7C80-224A-489F-8F3D-8E0C53BD39BC}.Debug|Any CPU.ActiveCfg = Debug|Any CPU
		{292D7C80-224A-489F-8F3D-8E0C53BD39BC}.Debug|Any CPU.Build.0 = Debug|Any CPU
		{292D7C80-224A-489F-8F3D-8E0C53BD39BC}.Release|Any CPU.ActiveCfg = Release|Any CPU
		{292D7C80-224A-489F-8F3D-8E0C53BD39BC}.Release|Any CPU.Build.0 = Release|Any CPU
		{5C0C6B5C-D94B-4BA8-981C-258527C578AE}.Debug|Any CPU.ActiveCfg = Debug|Any CPU
		{5C0C6B5C-D94B-4BA8-981C-258527C578AE}.Debug|Any CPU.Build.0 = Debug|Any CPU
		{5C0C6B5C-D94B-4BA8-981C-258527C578AE}.Release|Any CPU.ActiveCfg = Release|Any CPU
		{5C0C6B5C-D94B-4BA8-981C-258527C578AE}.Release|Any CPU.Build.0 = Release|Any CPU
		{34A9E726-5404-48DA-B3C3-40311E537602}.Debug|Any CPU.ActiveCfg = Debug|Any CPU
		{34A9E726-5404-48DA-B3C3-40311E537602}.Debug|Any CPU.Build.0 = Debug|Any CPU
		{34A9E726-5404-48DA-B3C3-40311E537602}.Release|Any CPU.ActiveCfg = Release|Any CPU
		{34A9E726-5404-48DA-B3C3-40311E537602}.Release|Any CPU.Build.0 = Release|Any CPU
	EndGlobalSection
	GlobalSection(SolutionProperties) = preSolution
		HideSolutionNode = FALSE
	EndGlobalSection
	GlobalSection(NestedProjects) = preSolution
		{1DAFBAC9-D7C0-48D7-A6FE-24C823F13605} = {89FCAE4C-A0CF-45A2-A79E-2F28EDCAA3F0}
		{02CB7E35-719E-4F30-8C39-F1F4A32D352F} = {89FCAE4C-A0CF-45A2-A79E-2F28EDCAA3F0}
		{E9131A1C-BAEB-430A-9464-DD01E8AF11D5} = {89FCAE4C-A0CF-45A2-A79E-2F28EDCAA3F0}
		{F055388E-325A-454A-B080-1A5D61B3F24B} = {B13FACE1-F702-4BEA-A2F7-6F5C18C37DAF}
		{C89B7188-F7A9-4833-88CC-50417393D128} = {B13FACE1-F702-4BEA-A2F7-6F5C18C37DAF}
		{1AEC4794-1264-4A55-B2B2-128946B2576D} = {039F433E-6E23-4A49-8127-A9ADA1447901}
		{93FA9281-1C6E-469E-AAF9-C3F7B96D9D5D} = {6A301F9F-31CF-457B-BB09-8875D3C43A5E}
		{C0DACA89-0348-4620-A62E-91AC43560F18} = {6A301F9F-31CF-457B-BB09-8875D3C43A5E}
		{86491335-30E0-4801-9D60-D2903709C664} = {341847AE-A30C-4763-9E9A-A0506EEFCB90}
		{BAF95201-F0A3-4371-B5E6-4DE051D523CC} = {341847AE-A30C-4763-9E9A-A0506EEFCB90}
		{CFA25373-B9BA-4623-B447-2B845ACB7410} = {341847AE-A30C-4763-9E9A-A0506EEFCB90}
		{437CDFFF-D229-4842-A936-84E649DCDF50} = {A21D85DA-E523-46AB-A4A5-9161C5AB5FC9}
		{5C8A6118-966A-4026-8A89-A971B7E9C7C5} = {A21D85DA-E523-46AB-A4A5-9161C5AB5FC9}
		{F87D354C-245F-4D22-9D59-FD015947C30C} = {A21D85DA-E523-46AB-A4A5-9161C5AB5FC9}
		{B6410493-82D5-42EA-A2BB-B07087734679} = {047A9E14-4A2A-4A3C-BB49-D94D0879CF37}
		{EB38C501-28F3-4770-9361-8AD3CEA17294} = {047A9E14-4A2A-4A3C-BB49-D94D0879CF37}
		{2CD2726C-1F5C-4FDC-91EB-5D3F82A94187} = {047A9E14-4A2A-4A3C-BB49-D94D0879CF37}
		{CAD940B3-7F34-4D07-8F65-ABB1190527DC} = {33D3784F-5B1E-4200-B969-C907E1390A5A}
		{814F8117-F88A-41D1-A80D-11F7FF6DD8A9} = {33D3784F-5B1E-4200-B969-C907E1390A5A}
		{A19D21F7-F930-43A7-80C0-B3E5554204EF} = {33D3784F-5B1E-4200-B969-C907E1390A5A}
		{47C5F549-E29E-446A-A22B-1CF460B757E4} = {33D3784F-5B1E-4200-B969-C907E1390A5A}
		{BCE595BD-F84D-487E-A4C5-118E7C5F2B7B} = {33D3784F-5B1E-4200-B969-C907E1390A5A}
		{A32D5EDA-059D-4CBA-A2C5-793E2879CC4D} = {33D3784F-5B1E-4200-B969-C907E1390A5A}
		{A4B0CEB6-B509-4AC4-9B5F-E8A2DBD611D2} = {33D3784F-5B1E-4200-B969-C907E1390A5A}
		{8B4DF947-D00C-4F23-B068-DA7EA23D54FE} = {33D3784F-5B1E-4200-B969-C907E1390A5A}
		{2E11BBF0-CA67-4C84-B413-AA322AA25986} = {EBE0BFE8-C34B-4E82-A3BB-D9597EF689E2}
		{405C31ED-1CA5-4FF2-81A9-F45C9932495F} = {95E9976E-E453-4E72-8080-785BA23968A5}
		{EE40DE7A-8820-44E9-A3F2-1209ADE6F518} = {6F01FD69-A87E-4D11-B5D2-D1AA5C76858A}
		{CBC0EB09-2873-40EE-9344-EC79039FF0E1} = {D1052E7E-2A43-4E9C-868E-41E04540D197}
		{7D14D1EE-26B1-4DFE-A0BC-AD2523AC9DEF} = {FA3E7B0D-B6A5-410A-9B7E-25127CF91FB6}
		{4D32C55B-0B5C-46E3-922D-C7928E6BFCF8} = {B3464678-E6BE-4789-A0E7-77BCBBF96107}
		{69E24E4D-C6D2-4094-A366-932A4A2F4EA2} = {AC219FCB-CC23-4C88-A140-865E0C23C169}
		{DCB46031-1E47-48E1-8090-30B86B6EAF2F} = {AC219FCB-CC23-4C88-A140-865E0C23C169}
		{FBC8AAED-551D-4E27-A3D3-B8B1C1BC75A9} = {AC219FCB-CC23-4C88-A140-865E0C23C169}
		{7853D337-9B1E-494B-BDFB-D61F9684F434} = {6320AB7E-C731-4143-9983-E1DED3260C18}
		{E6D95E68-E930-4334-AF3A-6389CBE8D750} = {3442BA2C-1DC1-4A66-9D98-0EE2E3C8802F}
		{E7BE8816-4EE9-45E0-97CA-CBAEC47A387B} = {3442BA2C-1DC1-4A66-9D98-0EE2E3C8802F}
		{8F100D9A-2FB1-42B0-A029-44C577421120} = {5B62D97A-327F-4EDB-8345-574FCA40D454}
		{CAF81063-5F62-42CA-8460-EA100A53C5C0} = {5B62D97A-327F-4EDB-8345-574FCA40D454}
		{A84E6D12-7165-4477-A752-8D2828536F14} = {33D3784F-5B1E-4200-B969-C907E1390A5A}
		{292D7C80-224A-489F-8F3D-8E0C53BD39BC} = {578F7053-27E5-46AA-810E-35C90745E4EA}
		{5C0C6B5C-D94B-4BA8-981C-258527C578AE} = {578F7053-27E5-46AA-810E-35C90745E4EA}
		{34A9E726-5404-48DA-B3C3-40311E537602} = {578F7053-27E5-46AA-810E-35C90745E4EA}
	EndGlobalSection
	GlobalSection(ExtensibilityGlobals) = postSolution
		SolutionGuid = {AEA4E433-D4F8-410E-AE79-BBEB1C4B1595}
	EndGlobalSection
EndGlobal
